
Microsoft Visual Studio Solution File, Format Version 12.00
# Visual Studio Version 17
VisualStudioVersion = 17.5.33502.453
MinimumVisualStudioVersion = 10.0.40219.1
Project("{9A19103F-16F7-4668-BE54-9A1E7A4F7556}") = "RbPharma.Services", "RbPharma.Services\RbPharma.Services.csproj", "{4C693278-9C6C-48E5-B11E-C5F4A0AEB3B0}"
EndProject
Project("{9A19103F-16F7-4668-BE54-9A1E7A4F7556}") = "RbPharma.Domain", "RbPharma.Domain\RbPharma.Domain.csproj", "{CC01174D-B9A7-40D5-ACC3-7DEA1C3AA12B}"
EndProject
Project("{9A19103F-16F7-4668-BE54-9A1E7A4F7556}") = "RbPharma.Infrastructure", "RbPharma.Infrastructure\RbPharma.Infrastructure.csproj", "{5E886408-F589-4B1A-A7EB-8950C191C236}"
EndProject
Project("{9A19103F-16F7-4668-BE54-9A1E7A4F7556}") = "RbPharma.IoC", "RbPharma.IoC\RbPharma.IoC.csproj", "{FCDFD32A-2528-45F2-8A50-12B1170AADCE}"
EndProject
Project("{9A19103F-16F7-4668-BE54-9A1E7A4F7556}") = "RbPharma.Tests", "RbPharma.Tests\RbPharma.Tests.csproj", "{66E87070-4796-4809-934B-5749B4748C98}"
EndProject
Project("{9A19103F-16F7-4668-BE54-9A1E7A4F7556}") = "RbPharma.Function", "RbPharma.Function\RbPharma.Function.csproj", "{EDF78943-2443-4C12-A9F4-072A8B39C0F7}"
EndProject
Project("{2150E333-8FDC-42A3-9474-1A3956D46DE8}") = "Postman", "Postman", "{54EAC191-2D59-423A-B520-423B74170C8C}"
EndProject
Project("{2150E333-8FDC-42A3-9474-1A3956D46DE8}") = "DatabaseBkp", "DatabaseBkp", "{DC794049-77F8-45C9-9655-A042C2B3FB16}"
EndProject
Project("{2150E333-8FDC-42A3-9474-1A3956D46DE8}") = "RbPharma", "RbPharma", "{85E63E6E-9385-4A1E-880B-70C4D17BD848}"
	ProjectSection(SolutionItems) = preProject
		C:\Program Files\Microsoft SQL Server\MSSQL15.MSSQLSERVER\MSSQL\Backup\RbPharma.bak = C:\Program Files\Microsoft SQL Server\MSSQL15.MSSQLSERVER\MSSQL\Backup\RbPharma.bak
	EndProjectSection
EndProject
Project("{2150E333-8FDC-42A3-9474-1A3956D46DE8}") = "RbPharmaLocalCollection", "RbPharmaLocalCollection", "{72A2B9D3-8D36-4FC7-BFAD-5BBE66DCBAD8}"
	ProjectSection(SolutionItems) = preProject
		..\..\..\..\Users\AdilsonGalp\Desktop\RbPharma local.postman_collection.json = ..\..\..\..\Users\AdilsonGalp\Desktop\RbPharma local.postman_collection.json
	EndProjectSection
EndProject
Global
	GlobalSection(SolutionConfigurationPlatforms) = preSolution
		Debug|Any CPU = Debug|Any CPU
		Debug|ARM = Debug|ARM
		Debug|ARM64 = Debug|ARM64
		Debug|x64 = Debug|x64
		Debug|x86 = Debug|x86
		Release|Any CPU = Release|Any CPU
		Release|ARM = Release|ARM
		Release|ARM64 = Release|ARM64
		Release|x64 = Release|x64
		Release|x86 = Release|x86
	EndGlobalSection
	GlobalSection(ProjectConfigurationPlatforms) = postSolution
		{4C693278-9C6C-48E5-B11E-C5F4A0AEB3B0}.Debug|Any CPU.ActiveCfg = Debug|Any CPU
		{4C693278-9C6C-48E5-B11E-C5F4A0AEB3B0}.Debug|Any CPU.Build.0 = Debug|Any CPU
		{4C693278-9C6C-48E5-B11E-C5F4A0AEB3B0}.Debug|ARM.ActiveCfg = Debug|Any CPU
		{4C693278-9C6C-48E5-B11E-C5F4A0AEB3B0}.Debug|ARM.Build.0 = Debug|Any CPU
		{4C693278-9C6C-48E5-B11E-C5F4A0AEB3B0}.Debug|ARM64.ActiveCfg = Debug|Any CPU
		{4C693278-9C6C-48E5-B11E-C5F4A0AEB3B0}.Debug|ARM64.Build.0 = Debug|Any CPU
		{4C693278-9C6C-48E5-B11E-C5F4A0AEB3B0}.Debug|x64.ActiveCfg = Debug|Any CPU
		{4C693278-9C6C-48E5-B11E-C5F4A0AEB3B0}.Debug|x64.Build.0 = Debug|Any CPU
		{4C693278-9C6C-48E5-B11E-C5F4A0AEB3B0}.Debug|x86.ActiveCfg = Debug|Any CPU
		{4C693278-9C6C-48E5-B11E-C5F4A0AEB3B0}.Debug|x86.Build.0 = Debug|Any CPU
		{4C693278-9C6C-48E5-B11E-C5F4A0AEB3B0}.Release|Any CPU.ActiveCfg = Release|Any CPU
		{4C693278-9C6C-48E5-B11E-C5F4A0AEB3B0}.Release|Any CPU.Build.0 = Release|Any CPU
		{4C693278-9C6C-48E5-B11E-C5F4A0AEB3B0}.Release|ARM.ActiveCfg = Release|Any CPU
		{4C693278-9C6C-48E5-B11E-C5F4A0AEB3B0}.Release|ARM.Build.0 = Release|Any CPU
		{4C693278-9C6C-48E5-B11E-C5F4A0AEB3B0}.Release|ARM64.ActiveCfg = Release|Any CPU
		{4C693278-9C6C-48E5-B11E-C5F4A0AEB3B0}.Release|ARM64.Build.0 = Release|Any CPU
		{4C693278-9C6C-48E5-B11E-C5F4A0AEB3B0}.Release|x64.ActiveCfg = Release|Any CPU
		{4C693278-9C6C-48E5-B11E-C5F4A0AEB3B0}.Release|x64.Build.0 = Release|Any CPU
		{4C693278-9C6C-48E5-B11E-C5F4A0AEB3B0}.Release|x86.ActiveCfg = Release|Any CPU
		{4C693278-9C6C-48E5-B11E-C5F4A0AEB3B0}.Release|x86.Build.0 = Release|Any CPU
		{CC01174D-B9A7-40D5-ACC3-7DEA1C3AA12B}.Debug|Any CPU.ActiveCfg = Debug|Any CPU
		{CC01174D-B9A7-40D5-ACC3-7DEA1C3AA12B}.Debug|Any CPU.Build.0 = Debug|Any CPU
		{CC01174D-B9A7-40D5-ACC3-7DEA1C3AA12B}.Debug|ARM.ActiveCfg = Debug|Any CPU
		{CC01174D-B9A7-40D5-ACC3-7DEA1C3AA12B}.Debug|ARM.Build.0 = Debug|Any CPU
		{CC01174D-B9A7-40D5-ACC3-7DEA1C3AA12B}.Debug|ARM64.ActiveCfg = Debug|Any CPU
		{CC01174D-B9A7-40D5-ACC3-7DEA1C3AA12B}.Debug|ARM64.Build.0 = Debug|Any CPU
		{CC01174D-B9A7-40D5-ACC3-7DEA1C3AA12B}.Debug|x64.ActiveCfg = Debug|Any CPU
		{CC01174D-B9A7-40D5-ACC3-7DEA1C3AA12B}.Debug|x64.Build.0 = Debug|Any CPU
		{CC01174D-B9A7-40D5-ACC3-7DEA1C3AA12B}.Debug|x86.ActiveCfg = Debug|Any CPU
		{CC01174D-B9A7-40D5-ACC3-7DEA1C3AA12B}.Debug|x86.Build.0 = Debug|Any CPU
		{CC01174D-B9A7-40D5-ACC3-7DEA1C3AA12B}.Release|Any CPU.ActiveCfg = Release|Any CPU
		{CC01174D-B9A7-40D5-ACC3-7DEA1C3AA12B}.Release|Any CPU.Build.0 = Release|Any CPU
		{CC01174D-B9A7-40D5-ACC3-7DEA1C3AA12B}.Release|ARM.ActiveCfg = Release|Any CPU
		{CC01174D-B9A7-40D5-ACC3-7DEA1C3AA12B}.Release|ARM.Build.0 = Release|Any CPU
		{CC01174D-B9A7-40D5-ACC3-7DEA1C3AA12B}.Release|ARM64.ActiveCfg = Release|Any CPU
		{CC01174D-B9A7-40D5-ACC3-7DEA1C3AA12B}.Release|ARM64.Build.0 = Release|Any CPU
		{CC01174D-B9A7-40D5-ACC3-7DEA1C3AA12B}.Release|x64.ActiveCfg = Release|Any CPU
		{CC01174D-B9A7-40D5-ACC3-7DEA1C3AA12B}.Release|x64.Build.0 = Release|Any CPU
		{CC01174D-B9A7-40D5-ACC3-7DEA1C3AA12B}.Release|x86.ActiveCfg = Release|Any CPU
		{CC01174D-B9A7-40D5-ACC3-7DEA1C3AA12B}.Release|x86.Build.0 = Release|Any CPU
		{5E886408-F589-4B1A-A7EB-8950C191C236}.Debug|Any CPU.ActiveCfg = Debug|Any CPU
		{5E886408-F589-4B1A-A7EB-8950C191C236}.Debug|Any CPU.Build.0 = Debug|Any CPU
		{5E886408-F589-4B1A-A7EB-8950C191C236}.Debug|ARM.ActiveCfg = Debug|Any CPU
		{5E886408-F589-4B1A-A7EB-8950C191C236}.Debug|ARM.Build.0 = Debug|Any CPU
		{5E886408-F589-4B1A-A7EB-8950C191C236}.Debug|ARM64.ActiveCfg = Debug|Any CPU
		{5E886408-F589-4B1A-A7EB-8950C191C236}.Debug|ARM64.Build.0 = Debug|Any CPU
		{5E886408-F589-4B1A-A7EB-8950C191C236}.Debug|x64.ActiveCfg = Debug|Any CPU
		{5E886408-F589-4B1A-A7EB-8950C191C236}.Debug|x64.Build.0 = Debug|Any CPU
		{5E886408-F589-4B1A-A7EB-8950C191C236}.Debug|x86.ActiveCfg = Debug|Any CPU
		{5E886408-F589-4B1A-A7EB-8950C191C236}.Debug|x86.Build.0 = Debug|Any CPU
		{5E886408-F589-4B1A-A7EB-8950C191C236}.Release|Any CPU.ActiveCfg = Release|Any CPU
		{5E886408-F589-4B1A-A7EB-8950C191C236}.Release|Any CPU.Build.0 = Release|Any CPU
		{5E886408-F589-4B1A-A7EB-8950C191C236}.Release|ARM.ActiveCfg = Release|Any CPU
		{5E886408-F589-4B1A-A7EB-8950C191C236}.Release|ARM.Build.0 = Release|Any CPU
		{5E886408-F589-4B1A-A7EB-8950C191C236}.Release|ARM64.ActiveCfg = Release|Any CPU
		{5E886408-F589-4B1A-A7EB-8950C191C236}.Release|ARM64.Build.0 = Release|Any CPU
		{5E886408-F589-4B1A-A7EB-8950C191C236}.Release|x64.ActiveCfg = Release|Any CPU
		{5E886408-F589-4B1A-A7EB-8950C191C236}.Release|x64.Build.0 = Release|Any CPU
		{5E886408-F589-4B1A-A7EB-8950C191C236}.Release|x86.ActiveCfg = Release|Any CPU
		{5E886408-F589-4B1A-A7EB-8950C191C236}.Release|x86.Build.0 = Release|Any CPU
		{FCDFD32A-2528-45F2-8A50-12B1170AADCE}.Debug|Any CPU.ActiveCfg = Debug|Any CPU
		{FCDFD32A-2528-45F2-8A50-12B1170AADCE}.Debug|Any CPU.Build.0 = Debug|Any CPU
		{FCDFD32A-2528-45F2-8A50-12B1170AADCE}.Debug|ARM.ActiveCfg = Debug|Any CPU
		{FCDFD32A-2528-45F2-8A50-12B1170AADCE}.Debug|ARM.Build.0 = Debug|Any CPU
		{FCDFD32A-2528-45F2-8A50-12B1170AADCE}.Debug|ARM64.ActiveCfg = Debug|Any CPU
		{FCDFD32A-2528-45F2-8A50-12B1170AADCE}.Debug|ARM64.Build.0 = Debug|Any CPU
		{FCDFD32A-2528-45F2-8A50-12B1170AADCE}.Debug|x64.ActiveCfg = Debug|Any CPU
		{FCDFD32A-2528-45F2-8A50-12B1170AADCE}.Debug|x64.Build.0 = Debug|Any CPU
		{FCDFD32A-2528-45F2-8A50-12B1170AADCE}.Debug|x86.ActiveCfg = Debug|Any CPU
		{FCDFD32A-2528-45F2-8A50-12B1170AADCE}.Debug|x86.Build.0 = Debug|Any CPU
		{FCDFD32A-2528-45F2-8A50-12B1170AADCE}.Release|Any CPU.ActiveCfg = Release|Any CPU
		{FCDFD32A-2528-45F2-8A50-12B1170AADCE}.Release|Any CPU.Build.0 = Release|Any CPU
		{FCDFD32A-2528-45F2-8A50-12B1170AADCE}.Release|ARM.ActiveCfg = Release|Any CPU
		{FCDFD32A-2528-45F2-8A50-12B1170AADCE}.Release|ARM.Build.0 = Release|Any CPU
		{FCDFD32A-2528-45F2-8A50-12B1170AADCE}.Release|ARM64.ActiveCfg = Release|Any CPU
		{FCDFD32A-2528-45F2-8A50-12B1170AADCE}.Release|ARM64.Build.0 = Release|Any CPU
		{FCDFD32A-2528-45F2-8A50-12B1170AADCE}.Release|x64.ActiveCfg = Release|Any CPU
		{FCDFD32A-2528-45F2-8A50-12B1170AADCE}.Release|x64.Build.0 = Release|Any CPU
		{FCDFD32A-2528-45F2-8A50-12B1170AADCE}.Release|x86.ActiveCfg = Release|Any CPU
		{FCDFD32A-2528-45F2-8A50-12B1170AADCE}.Release|x86.Build.0 = Release|Any CPU
		{66E87070-4796-4809-934B-5749B4748C98}.Debug|Any CPU.ActiveCfg = Debug|Any CPU
		{66E87070-4796-4809-934B-5749B4748C98}.Debug|Any CPU.Build.0 = Debug|Any CPU
		{66E87070-4796-4809-934B-5749B4748C98}.Debug|ARM.ActiveCfg = Debug|Any CPU
		{66E87070-4796-4809-934B-5749B4748C98}.Debug|ARM.Build.0 = Debug|Any CPU
		{66E87070-4796-4809-934B-5749B4748C98}.Debug|ARM64.ActiveCfg = Debug|Any CPU
		{66E87070-4796-4809-934B-5749B4748C98}.Debug|ARM64.Build.0 = Debug|Any CPU
		{66E87070-4796-4809-934B-5749B4748C98}.Debug|x64.ActiveCfg = Debug|Any CPU
		{66E87070-4796-4809-934B-5749B4748C98}.Debug|x64.Build.0 = Debug|Any CPU
		{66E87070-4796-4809-934B-5749B4748C98}.Debug|x86.ActiveCfg = Debug|Any CPU
		{66E87070-4796-4809-934B-5749B4748C98}.Debug|x86.Build.0 = Debug|Any CPU
		{66E87070-4796-4809-934B-5749B4748C98}.Release|Any CPU.ActiveCfg = Release|Any CPU
		{66E87070-4796-4809-934B-5749B4748C98}.Release|Any CPU.Build.0 = Release|Any CPU
		{66E87070-4796-4809-934B-5749B4748C98}.Release|ARM.ActiveCfg = Release|Any CPU
		{66E87070-4796-4809-934B-5749B4748C98}.Release|ARM.Build.0 = Release|Any CPU
		{66E87070-4796-4809-934B-5749B4748C98}.Release|ARM64.ActiveCfg = Release|Any CPU
		{66E87070-4796-4809-934B-5749B4748C98}.Release|ARM64.Build.0 = Release|Any CPU
		{66E87070-4796-4809-934B-5749B4748C98}.Release|x64.ActiveCfg = Release|Any CPU
		{66E87070-4796-4809-934B-5749B4748C98}.Release|x64.Build.0 = Release|Any CPU
		{66E87070-4796-4809-934B-5749B4748C98}.Release|x86.ActiveCfg = Release|Any CPU
		{66E87070-4796-4809-934B-5749B4748C98}.Release|x86.Build.0 = Release|Any CPU
		{EDF78943-2443-4C12-A9F4-072A8B39C0F7}.Debug|Any CPU.ActiveCfg = Debug|Any CPU
		{EDF78943-2443-4C12-A9F4-072A8B39C0F7}.Debug|Any CPU.Build.0 = Debug|Any CPU
		{EDF78943-2443-4C12-A9F4-072A8B39C0F7}.Debug|ARM.ActiveCfg = Debug|Any CPU
		{EDF78943-2443-4C12-A9F4-072A8B39C0F7}.Debug|ARM.Build.0 = Debug|Any CPU
		{EDF78943-2443-4C12-A9F4-072A8B39C0F7}.Debug|ARM64.ActiveCfg = Debug|Any CPU
		{EDF78943-2443-4C12-A9F4-072A8B39C0F7}.Debug|ARM64.Build.0 = Debug|Any CPU
		{EDF78943-2443-4C12-A9F4-072A8B39C0F7}.Debug|x64.ActiveCfg = Debug|Any CPU
		{EDF78943-2443-4C12-A9F4-072A8B39C0F7}.Debug|x64.Build.0 = Debug|Any CPU
		{EDF78943-2443-4C12-A9F4-072A8B39C0F7}.Debug|x86.ActiveCfg = Debug|Any CPU
		{EDF78943-2443-4C12-A9F4-072A8B39C0F7}.Debug|x86.Build.0 = Debug|Any CPU
		{EDF78943-2443-4C12-A9F4-072A8B39C0F7}.Release|Any CPU.ActiveCfg = Release|Any CPU
		{EDF78943-2443-4C12-A9F4-072A8B39C0F7}.Release|Any CPU.Build.0 = Release|Any CPU
		{EDF78943-2443-4C12-A9F4-072A8B39C0F7}.Release|ARM.ActiveCfg = Release|Any CPU
		{EDF78943-2443-4C12-A9F4-072A8B39C0F7}.Release|ARM.Build.0 = Release|Any CPU
		{EDF78943-2443-4C12-A9F4-072A8B39C0F7}.Release|ARM64.ActiveCfg = Release|Any CPU
		{EDF78943-2443-4C12-A9F4-072A8B39C0F7}.Release|ARM64.Build.0 = Release|Any CPU
		{EDF78943-2443-4C12-A9F4-072A8B39C0F7}.Release|x64.ActiveCfg = Release|Any CPU
		{EDF78943-2443-4C12-A9F4-072A8B39C0F7}.Release|x64.Build.0 = Release|Any CPU
		{EDF78943-2443-4C12-A9F4-072A8B39C0F7}.Release|x86.ActiveCfg = Release|Any CPU
		{EDF78943-2443-4C12-A9F4-072A8B39C0F7}.Release|x86.Build.0 = Release|Any CPU
	EndGlobalSection
	GlobalSection(SolutionProperties) = preSolution
		HideSolutionNode = FALSE
	EndGlobalSection
	GlobalSection(NestedProjects) = preSolution
		{85E63E6E-9385-4A1E-880B-70C4D17BD848} = {DC794049-77F8-45C9-9655-A042C2B3FB16}
		{72A2B9D3-8D36-4FC7-BFAD-5BBE66DCBAD8} = {54EAC191-2D59-423A-B520-423B74170C8C}
	EndGlobalSection
	GlobalSection(ExtensibilityGlobals) = postSolution
		SolutionGuid = {7C08D7B0-F9D3-4E4C-B96F-0107D4CB1E55}
	EndGlobalSection
EndGlobal
